# This file is generated by running "yarn install" inside your project.
# Manual changes might be lost - proceed with caution!

__metadata:
  version: 8
  cacheKey: 10c0

"@socket.io/component-emitter@npm:~3.1.0":
  version: 3.1.2
  resolution: "@socket.io/component-emitter@npm:3.1.2"
  checksum: 10c0/c4242bad66f67e6f7b712733d25b43cbb9e19a595c8701c3ad99cbeb5901555f78b095e24852f862fffb43e96f1d8552e62def885ca82ae1bb05da3668fd87d7
  languageName: node
  linkType: hard

"abbrev@npm:1":
  version: 1.1.1
  resolution: "abbrev@npm:1.1.1"
  checksum: 10c0/3f762677702acb24f65e813070e306c61fafe25d4b2583f9dfc935131f774863f3addd5741572ed576bd69cabe473c5af18e1e108b829cb7b6b4747884f726e6
  languageName: node
  linkType: hard

"abbrev@npm:^2.0.0":
  version: 2.0.0
  resolution: "abbrev@npm:2.0.0"
  checksum: 10c0/f742a5a107473946f426c691c08daba61a1d15942616f300b5d32fd735be88fef5cba24201757b6c407fd564555fb48c751cfa33519b2605c8a7aadd22baf372
  languageName: node
  linkType: hard

"ansi-regex@npm:^2.0.0":
  version: 2.1.1
  resolution: "ansi-regex@npm:2.1.1"
  checksum: 10c0/78cebaf50bce2cb96341a7230adf28d804611da3ce6bf338efa7b72f06cc6ff648e29f80cd95e582617ba58d5fdbec38abfeed3500a98bce8381a9daec7c548b
  languageName: node
  linkType: hard

"ansi-regex@npm:^5.0.1":
  version: 5.0.1
  resolution: "ansi-regex@npm:5.0.1"
  checksum: 10c0/9a64bb8627b434ba9327b60c027742e5d17ac69277960d041898596271d992d4d52ba7267a63ca10232e29f6107fc8a835f6ce8d719b88c5f8493f8254813737
  languageName: node
  linkType: hard

"aproba@npm:^1.0.3":
  version: 1.2.0
  resolution: "aproba@npm:1.2.0"
  checksum: 10c0/2d34f008c9edfa991f42fe4b667d541d38a474a39ae0e24805350486d76744cd91ee45313283c1d39a055b14026dd0fc4d0cbfc13f210855d59d7e8b5a61dc51
  languageName: node
  linkType: hard

"are-we-there-yet@npm:~1.1.2":
  version: 1.1.7
  resolution: "are-we-there-yet@npm:1.1.7"
  dependencies:
    delegates: "npm:^1.0.0"
    readable-stream: "npm:^2.0.6"
  checksum: 10c0/03cb45f2892767773c86a616205fc67feb8dfdd56685d1b34999cfa6c0d2aebe73ec0e6ba88a406422b998dea24138337fdb9a3f9b172d7c2a7f75d02f3df088
  languageName: node
  linkType: hard

"balanced-match@npm:^1.0.0":
  version: 1.0.2
  resolution: "balanced-match@npm:1.0.2"
  checksum: 10c0/9308baf0a7e4838a82bbfd11e01b1cb0f0cf2893bc1676c27c2a8c0e70cbae1c59120c3268517a8ae7fb6376b4639ef81ca22582611dbee4ed28df945134aaee
  languageName: node
  linkType: hard

"base64-js@npm:^1.3.1":
  version: 1.5.1
  resolution: "base64-js@npm:1.5.1"
  checksum: 10c0/f23823513b63173a001030fae4f2dabe283b99a9d324ade3ad3d148e218134676f1ee8568c877cd79ec1c53158dcf2d2ba527a97c606618928ba99dd930102bf
  languageName: node
  linkType: hard

"brace-expansion@npm:^1.1.7":
  version: 1.1.11
  resolution: "brace-expansion@npm:1.1.11"
  dependencies:
    balanced-match: "npm:^1.0.0"
    concat-map: "npm:0.0.1"
  checksum: 10c0/695a56cd058096a7cb71fb09d9d6a7070113c7be516699ed361317aca2ec169f618e28b8af352e02ab4233fb54eb0168460a40dc320bab0034b36ab59aaad668
  languageName: node
  linkType: hard

"buffer@npm:^6.0.3":
  version: 6.0.3
  resolution: "buffer@npm:6.0.3"
  dependencies:
    base64-js: "npm:^1.3.1"
    ieee754: "npm:^1.2.1"
  checksum: 10c0/2a905fbbcde73cc5d8bd18d1caa23715d5f83a5935867c2329f0ac06104204ba7947be098fe1317fbd8830e26090ff8e764f08cd14fefc977bb248c3487bcbd0
  languageName: node
  linkType: hard

"chownr@npm:^1.1.4":
  version: 1.1.4
  resolution: "chownr@npm:1.1.4"
  checksum: 10c0/ed57952a84cc0c802af900cf7136de643d3aba2eecb59d29344bc2f3f9bf703a301b9d84cdc71f82c3ffc9ccde831b0d92f5b45f91727d6c9da62f23aef9d9db
  languageName: node
  linkType: hard

"code-point-at@npm:^1.0.0":
  version: 1.1.0
  resolution: "code-point-at@npm:1.1.0"
  checksum: 10c0/33f6b234084e46e6e369b6f0b07949392651b4dde70fc6a592a8d3dafa08d5bb32e3981a02f31f6fc323a26bc03a4c063a9d56834848695bda7611c2417ea2e6
  languageName: node
  linkType: hard

"concat-map@npm:0.0.1":
  version: 0.0.1
  resolution: "concat-map@npm:0.0.1"
  checksum: 10c0/c996b1cfdf95b6c90fee4dae37e332c8b6eb7d106430c17d538034c0ad9a1630cb194d2ab37293b1bdd4d779494beee7786d586a50bd9376fd6f7bcc2bd4c98f
  languageName: node
  linkType: hard

"console-control-strings@npm:^1.0.0, console-control-strings@npm:~1.1.0":
  version: 1.1.0
  resolution: "console-control-strings@npm:1.1.0"
  checksum: 10c0/7ab51d30b52d461412cd467721bb82afe695da78fff8f29fe6f6b9cbaac9a2328e27a22a966014df9532100f6dd85370460be8130b9c677891ba36d96a343f50
  languageName: node
  linkType: hard

"core-util-is@npm:~1.0.0":
  version: 1.0.3
  resolution: "core-util-is@npm:1.0.3"
  checksum: 10c0/90a0e40abbddfd7618f8ccd63a74d88deea94e77d0e8dbbea059fa7ebebb8fbb4e2909667fe26f3a467073de1a542ebe6ae4c73a73745ac5833786759cd906c9
  languageName: node
  linkType: hard

"debug@npm:^3.2.6":
  version: 3.2.7
  resolution: "debug@npm:3.2.7"
  dependencies:
    ms: "npm:^2.1.1"
  checksum: 10c0/37d96ae42cbc71c14844d2ae3ba55adf462ec89fd3a999459dec3833944cd999af6007ff29c780f1c61153bcaaf2c842d1e4ce1ec621e4fc4923244942e4a02a
  languageName: node
  linkType: hard

"debug@npm:^4.3.2, debug@npm:~4.3.1, debug@npm:~4.3.2":
  version: 4.3.6
  resolution: "debug@npm:4.3.6"
  dependencies:
    ms: "npm:2.1.2"
  peerDependenciesMeta:
    supports-color:
      optional: true
  checksum: 10c0/3293416bff072389c101697d4611c402a6bacd1900ac20c0492f61a9cdd6b3b29750fc7f5e299f8058469ef60ff8fb79b86395a30374fbd2490113c1c7112285
  languageName: node
  linkType: hard

"deep-extend@npm:^0.6.0":
  version: 0.6.0
  resolution: "deep-extend@npm:0.6.0"
  checksum: 10c0/1c6b0abcdb901e13a44c7d699116d3d4279fdb261983122a3783e7273844d5f2537dc2e1c454a23fcf645917f93fbf8d07101c1d03c015a87faa662755212566
  languageName: node
  linkType: hard

"delegates@npm:^1.0.0":
  version: 1.0.0
  resolution: "delegates@npm:1.0.0"
  checksum: 10c0/ba05874b91148e1db4bf254750c042bf2215febd23a6d3cda2e64896aef79745fbd4b9996488bd3cafb39ce19dbce0fd6e3b6665275638befffe1c9b312b91b5
  languageName: node
  linkType: hard

"detect-libc@npm:^1.0.2":
  version: 1.0.3
  resolution: "detect-libc@npm:1.0.3"
  bin:
    detect-libc: ./bin/detect-libc.js
  checksum: 10c0/4da0deae9f69e13bc37a0902d78bf7169480004b1fed3c19722d56cff578d16f0e11633b7fbf5fb6249181236c72e90024cbd68f0b9558ae06e281f47326d50d
  languageName: node
  linkType: hard

"domexception@npm:^1.0.1":
  version: 1.0.1
  resolution: "domexception@npm:1.0.1"
  dependencies:
    webidl-conversions: "npm:^4.0.2"
  checksum: 10c0/2c8bae933ce9ebd03dd29a37ef4d5fc9e1bb2aebd987e016067f6f803def7b5a898ad9e414cf3a05caf3a685803bf63103230a9cda9b3f8b2e58dd7aff660726
  languageName: node
  linkType: hard

"emoji-regex@npm:^8.0.0":
  version: 8.0.0
  resolution: "emoji-regex@npm:8.0.0"
  checksum: 10c0/b6053ad39951c4cf338f9092d7bfba448cdfd46fe6a2a034700b149ac9ffbc137e361cbd3c442297f86bed2e5f7576c1b54cc0a6bf8ef5106cc62f496af35010
  languageName: node
  linkType: hard

"engine.io-client@npm:~6.5.2":
  version: 6.5.4
  resolution: "engine.io-client@npm:6.5.4"
  dependencies:
    "@socket.io/component-emitter": "npm:~3.1.0"
    debug: "npm:~4.3.1"
    engine.io-parser: "npm:~5.2.1"
    ws: "npm:~8.17.1"
    xmlhttprequest-ssl: "npm:~2.0.0"
  checksum: 10c0/ef220f9875d6a43bade906bd9b61118e812474bbe46e80f38c92dca238484170daf92d51e58bbade6433c29ffb5ba329f4864c5609f2e33c5e31041b1f8ad672
  languageName: node
  linkType: hard

"engine.io-parser@npm:~5.2.1":
  version: 5.2.3
  resolution: "engine.io-parser@npm:5.2.3"
  checksum: 10c0/ed4900d8dbef470ab3839ccf3bfa79ee518ea8277c7f1f2759e8c22a48f64e687ea5e474291394d0c94f84054749fd93f3ef0acb51fa2f5f234cc9d9d8e7c536
  languageName: node
  linkType: hard

"err-code@npm:^3.0.1":
  version: 3.0.1
  resolution: "err-code@npm:3.0.1"
  checksum: 10c0/78b1c50500adebde6699b8d27b8ce4728c132dcaad75b5d18ba44f6ccb28769d1fff8368ae1164be4559dac8b95d4e26bb15b480ba9999e0cd0f0c64beaf1b24
  languageName: node
  linkType: hard

"fs-minipass@npm:^1.2.7":
  version: 1.2.7
  resolution: "fs-minipass@npm:1.2.7"
  dependencies:
    minipass: "npm:^2.6.0"
  checksum: 10c0/c8259ce8caab360f16b8c3774fd09dd1d5240d6f3f78fd8efa0a215b5f40edfa90e7b5b5ddc2335a4c50885e29d5983f9fe6ac3ac19320e6917a21dbb9f05c64
  languageName: node
  linkType: hard

"fs.realpath@npm:^1.0.0":
  version: 1.0.0
  resolution: "fs.realpath@npm:1.0.0"
  checksum: 10c0/444cf1291d997165dfd4c0d58b69f0e4782bfd9149fd72faa4fe299e68e0e93d6db941660b37dd29153bf7186672ececa3b50b7e7249477b03fdf850f287c948
  languageName: node
  linkType: hard

"gauge@npm:~2.7.3":
  version: 2.7.4
  resolution: "gauge@npm:2.7.4"
  dependencies:
    aproba: "npm:^1.0.3"
    console-control-strings: "npm:^1.0.0"
    has-unicode: "npm:^2.0.0"
    object-assign: "npm:^4.1.0"
    signal-exit: "npm:^3.0.0"
    string-width: "npm:^1.0.1"
    strip-ansi: "npm:^3.0.1"
    wide-align: "npm:^1.1.0"
  checksum: 10c0/d606346e2e47829e0bc855d0becb36c4ce492feabd61ae92884b89e07812dd8a67a860ca30ece3a4c2e9f2c73bd68ba2b8e558ed362432ffd86de83c08847f84
  languageName: node
  linkType: hard

"get-browser-rtc@npm:^1.1.0":
  version: 1.1.0
  resolution: "get-browser-rtc@npm:1.1.0"
  checksum: 10c0/ec59dab0e1a79ebcbc7da4bb5bef2e96d6728c1bf3707ef2d7124f9e1f64bc7678c16adb96dc8dbb8dddeefea4cf8d5175cd94f9c4931230cc0f8ae9c5dd2a2d
  languageName: node
  linkType: hard

"glob@npm:^7.1.3":
  version: 7.2.3
  resolution: "glob@npm:7.2.3"
  dependencies:
    fs.realpath: "npm:^1.0.0"
    inflight: "npm:^1.0.4"
    inherits: "npm:2"
    minimatch: "npm:^3.1.1"
    once: "npm:^1.3.0"
    path-is-absolute: "npm:^1.0.0"
  checksum: 10c0/65676153e2b0c9095100fe7f25a778bf45608eeb32c6048cf307f579649bcc30353277b3b898a3792602c65764e5baa4f643714dfbdfd64ea271d210c7a425fe
  languageName: node
  linkType: hard

"has-unicode@npm:^2.0.0":
  version: 2.0.1
  resolution: "has-unicode@npm:2.0.1"
  checksum: 10c0/ebdb2f4895c26bb08a8a100b62d362e49b2190bcfd84b76bc4be1a3bd4d254ec52d0dd9f2fbcc093fc5eb878b20c52146f9dfd33e2686ed28982187be593b47c
  languageName: node
  linkType: hard

"iconv-lite@npm:^0.4.4":
  version: 0.4.24
  resolution: "iconv-lite@npm:0.4.24"
  dependencies:
    safer-buffer: "npm:>= 2.1.2 < 3"
  checksum: 10c0/c6886a24cc00f2a059767440ec1bc00d334a89f250db8e0f7feb4961c8727118457e27c495ba94d082e51d3baca378726cd110aaf7ded8b9bbfd6a44760cf1d4
  languageName: node
  linkType: hard

"ieee754@npm:^1.2.1":
  version: 1.2.1
  resolution: "ieee754@npm:1.2.1"
  checksum: 10c0/b0782ef5e0935b9f12883a2e2aa37baa75da6e66ce6515c168697b42160807d9330de9a32ec1ed73149aea02e0d822e572bca6f1e22bdcbd2149e13b050b17bb
  languageName: node
  linkType: hard

"ignore-walk@npm:^3.0.1":
  version: 3.0.4
  resolution: "ignore-walk@npm:3.0.4"
  dependencies:
    minimatch: "npm:^3.0.4"
  checksum: 10c0/690372b433887796fa3badd25babab7daf60a1882259dcc130ec78eea79745c2416322e10d1a96b367071204471c532647d20b11cd7ab70bd9b49879e461f956
  languageName: node
  linkType: hard

"inflight@npm:^1.0.4":
  version: 1.0.6
  resolution: "inflight@npm:1.0.6"
  dependencies:
    once: "npm:^1.3.0"
    wrappy: "npm:1"
  checksum: 10c0/7faca22584600a9dc5b9fca2cd5feb7135ac8c935449837b315676b4c90aa4f391ec4f42240178244b5a34e8bede1948627fda392ca3191522fc46b34e985ab2
  languageName: node
  linkType: hard

"inherits@npm:2, inherits@npm:^2.0.3, inherits@npm:~2.0.3":
  version: 2.0.4
  resolution: "inherits@npm:2.0.4"
  checksum: 10c0/4e531f648b29039fb7426fb94075e6545faa1eb9fe83c29f0b6d9e7263aceb4289d2d4557db0d428188eeb449cc7c5e77b0a0b2c4e248ff2a65933a0dee49ef2
  languageName: node
  linkType: hard

"ini@npm:~1.3.0":
  version: 1.3.8
  resolution: "ini@npm:1.3.8"
  checksum: 10c0/ec93838d2328b619532e4f1ff05df7909760b6f66d9c9e2ded11e5c1897d6f2f9980c54dd638f88654b00919ce31e827040631eab0a3969e4d1abefa0719516a
  languageName: node
  linkType: hard

"is-fullwidth-code-point@npm:^1.0.0":
  version: 1.0.0
  resolution: "is-fullwidth-code-point@npm:1.0.0"
  dependencies:
    number-is-nan: "npm:^1.0.0"
  checksum: 10c0/12acfcf16142f2d431bf6af25d68569d3198e81b9799b4ae41058247aafcc666b0127d64384ea28e67a746372611fcbe9b802f69175287aba466da3eddd5ba0f
  languageName: node
  linkType: hard

"is-fullwidth-code-point@npm:^3.0.0":
  version: 3.0.0
  resolution: "is-fullwidth-code-point@npm:3.0.0"
  checksum: 10c0/bb11d825e049f38e04c06373a8d72782eee0205bda9d908cc550ccb3c59b99d750ff9537982e01733c1c94a58e35400661f57042158ff5e8f3e90cf936daf0fc
  languageName: node
  linkType: hard

"isarray@npm:~1.0.0":
  version: 1.0.0
  resolution: "isarray@npm:1.0.0"
  checksum: 10c0/18b5be6669be53425f0b84098732670ed4e727e3af33bc7f948aac01782110eb9a18b3b329c5323bcdd3acdaae547ee077d3951317e7f133bff7105264b3003d
  languageName: node
  linkType: hard

"minimatch@npm:^3.0.4, minimatch@npm:^3.1.1":
  version: 3.1.2
  resolution: "minimatch@npm:3.1.2"
  dependencies:
    brace-expansion: "npm:^1.1.7"
  checksum: 10c0/0262810a8fc2e72cca45d6fd86bd349eee435eb95ac6aa45c9ea2180e7ee875ef44c32b55b5973ceabe95ea12682f6e3725cbb63d7a2d1da3ae1163c8b210311
  languageName: node
  linkType: hard

"minimist@npm:^1.2.0, minimist@npm:^1.2.6":
  version: 1.2.8
  resolution: "minimist@npm:1.2.8"
  checksum: 10c0/19d3fcdca050087b84c2029841a093691a91259a47def2f18222f41e7645a0b7c44ef4b40e88a1e58a40c84d2ef0ee6047c55594d298146d0eb3f6b737c20ce6
  languageName: node
  linkType: hard

"minipass@npm:^2.6.0, minipass@npm:^2.9.0":
  version: 2.9.0
  resolution: "minipass@npm:2.9.0"
  dependencies:
    safe-buffer: "npm:^5.1.2"
    yallist: "npm:^3.0.0"
  checksum: 10c0/307d8765ac3db9fcd6b486367e6f6c3e460f3a3e198d95d6c0005a2d95804c40c72959261cdebde3c8237cda0b03d4c01975e4581fe11abcf201f5005caafd2a
  languageName: node
  linkType: hard

"minizlib@npm:^1.3.3":
  version: 1.3.3
  resolution: "minizlib@npm:1.3.3"
  dependencies:
    minipass: "npm:^2.9.0"
  checksum: 10c0/79798032bbaa6594fa517e5b7ff9977951984fc9548a421b28d3fb0add8ed7e98a33e41e262af53b944f9d860c1e00fc778b477ef692e7b38b1ba12b390ffb17
  languageName: node
  linkType: hard

"mkdirp@npm:^0.5.1, mkdirp@npm:^0.5.5":
  version: 0.5.6
  resolution: "mkdirp@npm:0.5.6"
  dependencies:
    minimist: "npm:^1.2.6"
  bin:
    mkdirp: bin/cmd.js
  checksum: 10c0/e2e2be789218807b58abced04e7b49851d9e46e88a2f9539242cc8a92c9b5c3a0b9bab360bd3014e02a140fc4fbc58e31176c408b493f8a2a6f4986bd7527b01
  languageName: node
  linkType: hard

"ms@npm:2.1.2":
  version: 2.1.2
  resolution: "ms@npm:2.1.2"
  checksum: 10c0/a437714e2f90dbf881b5191d35a6db792efbca5badf112f87b9e1c712aace4b4b9b742dd6537f3edf90fd6f684de897cec230abde57e87883766712ddda297cc
  languageName: node
  linkType: hard

"ms@npm:^2.1.1":
  version: 2.1.3
  resolution: "ms@npm:2.1.3"
  checksum: 10c0/d924b57e7312b3b63ad21fc5b3dc0af5e78d61a1fc7cfb5457edaf26326bf62be5307cc87ffb6862ef1c2b33b0233cdb5d4f01c4c958cc0d660948b65a287a48
  languageName: node
  linkType: hard

"needle@npm:^2.2.1":
  version: 2.9.1
  resolution: "needle@npm:2.9.1"
  dependencies:
    debug: "npm:^3.2.6"
    iconv-lite: "npm:^0.4.4"
    sax: "npm:^1.2.4"
  bin:
    needle: ./bin/needle
  checksum: 10c0/65a7eaeaf4ca3410de492957474592af9838e02875273d9232ff6cff331393c58a95e48c592bd9a05f575e5bb9b08543d6cfd19eb96595dbd3d7da2c5fe1accb
  languageName: node
  linkType: hard

"node-pre-gyp@npm:^0.13.0":
  version: 0.13.0
  resolution: "node-pre-gyp@npm:0.13.0"
  dependencies:
    detect-libc: "npm:^1.0.2"
    mkdirp: "npm:^0.5.1"
    needle: "npm:^2.2.1"
    nopt: "npm:^4.0.1"
    npm-packlist: "npm:^1.1.6"
    npmlog: "npm:^4.0.2"
    rc: "npm:^1.2.7"
    rimraf: "npm:^2.6.1"
    semver: "npm:^5.3.0"
    tar: "npm:^4"
  bin:
    node-pre-gyp: ./bin/node-pre-gyp
  checksum: 10c0/a00b4194f5fce30a250857b67327cd7652acf9f008dc41e60021d1e1080228ac135883e587b6c5c0c2ac06d5665a6925b675986e94b87ec8263437df25ebb74e
  languageName: node
  linkType: hard

"node-webcam@npm:^0.8.2":
  version: 0.8.2
  resolution: "node-webcam@npm:0.8.2"
  dependencies:
    nopt: "npm:*"
  bin:
    node-webcam: bin/node-webcam.js
  checksum: 10c0/8fe7634d9a1746d22f57ba70dee7af3cab02515c038ee6058aabdf82bba06ee37523d9f8ca743f06630e7537373109eb72a3d582be64c55936d64dea3d2eeb6d
  languageName: node
  linkType: hard

"nopt@npm:*":
  version: 7.2.1
  resolution: "nopt@npm:7.2.1"
  dependencies:
    abbrev: "npm:^2.0.0"
  bin:
    nopt: bin/nopt.js
  checksum: 10c0/a069c7c736767121242037a22a788863accfa932ab285a1eb569eb8cd534b09d17206f68c37f096ae785647435e0c5a5a0a67b42ec743e481a455e5ae6a6df81
  languageName: node
  linkType: hard

"nopt@npm:^4.0.1":
  version: 4.0.3
  resolution: "nopt@npm:4.0.3"
  dependencies:
    abbrev: "npm:1"
    osenv: "npm:^0.1.4"
  bin:
    nopt: bin/nopt.js
  checksum: 10c0/03e54cdf8c9b46924cfadf333b2b86fc180410d74d51f9c72fec5ef9c6f1a19ec533f647c05e40d49ef7491af59664c5d0baace808d6ccfe3ff064ae630a61b4
  languageName: node
  linkType: hard

"npm-bundled@npm:^1.0.1":
  version: 1.1.2
  resolution: "npm-bundled@npm:1.1.2"
  dependencies:
    npm-normalize-package-bin: "npm:^1.0.1"
  checksum: 10c0/3f2337789afc8cb608a0dd71cefe459531053d48a5497db14b07b985c4cab15afcae88600db9f92eae072c89b982eeeec8e4463e1d77bc03a7e90f5dacf29769
  languageName: node
  linkType: hard

"npm-normalize-package-bin@npm:^1.0.1":
  version: 1.0.1
  resolution: "npm-normalize-package-bin@npm:1.0.1"
  checksum: 10c0/b0c8c05fe419a122e0ff970ccbe7874ae24b4b4b08941a24d18097fe6e1f4b93e3f6abfb5512f9c5488827a5592f2fb3ce2431c41d338802aed24b9a0c160551
  languageName: node
  linkType: hard

"npm-packlist@npm:^1.1.6":
  version: 1.4.8
  resolution: "npm-packlist@npm:1.4.8"
  dependencies:
    ignore-walk: "npm:^3.0.1"
    npm-bundled: "npm:^1.0.1"
    npm-normalize-package-bin: "npm:^1.0.1"
  checksum: 10c0/3b6dd1d0f677a3c1ad8e5f59362f4249459ad9fbb31c8a9306c0cf2af74016078d17a37fffee66b5437e76aba33c7ceb008905bccbadb23ea4776171d4b22b92
  languageName: node
  linkType: hard

"npmlog@npm:^4.0.2":
  version: 4.1.2
  resolution: "npmlog@npm:4.1.2"
  dependencies:
    are-we-there-yet: "npm:~1.1.2"
    console-control-strings: "npm:~1.1.0"
    gauge: "npm:~2.7.3"
    set-blocking: "npm:~2.0.0"
  checksum: 10c0/d6a26cb362277c65e24a70ebdaff31f81184ceb5415fd748abaaf26417bf0794a17ba849116e4f454a0370b9067ae320834cc78d74527dbeadf6e9d19a959046
  languageName: node
  linkType: hard

"number-is-nan@npm:^1.0.0":
  version: 1.0.1
  resolution: "number-is-nan@npm:1.0.1"
  checksum: 10c0/cb97149006acc5cd512c13c1838223abdf202e76ddfa059c5e8e7507aff2c3a78cd19057516885a2f6f5b576543dc4f7b6f3c997cc7df53ae26c260855466df5
  languageName: node
  linkType: hard

"object-assign@npm:^4.1.0":
  version: 4.1.1
  resolution: "object-assign@npm:4.1.1"
  checksum: 10c0/1f4df9945120325d041ccf7b86f31e8bcc14e73d29171e37a7903050e96b81323784ec59f93f102ec635bcf6fa8034ba3ea0a8c7e69fa202b87ae3b6cec5a414
  languageName: node
  linkType: hard

"once@npm:^1.3.0":
  version: 1.4.0
  resolution: "once@npm:1.4.0"
  dependencies:
    wrappy: "npm:1"
  checksum: 10c0/5d48aca287dfefabd756621c5dfce5c91a549a93e9fdb7b8246bc4c4790aa2ec17b34a260530474635147aeb631a2dcc8b32c613df0675f96041cbb8244517d0
  languageName: node
  linkType: hard

"os-homedir@npm:^1.0.0":
  version: 1.0.2
  resolution: "os-homedir@npm:1.0.2"
  checksum: 10c0/6be4aa67317ee247b8d46142e243fb4ef1d2d65d3067f54bfc5079257a2f4d4d76b2da78cba7af3cb3f56dbb2e4202e0c47f26171d11ca1ed4008d842c90363f
  languageName: node
  linkType: hard

"os-tmpdir@npm:^1.0.0":
  version: 1.0.2
  resolution: "os-tmpdir@npm:1.0.2"
  checksum: 10c0/f438450224f8e2687605a8dd318f0db694b6293c5d835ae509a69e97c8de38b6994645337e5577f5001115470414638978cc49da1cdcc25106dad8738dc69990
  languageName: node
  linkType: hard

"osenv@npm:^0.1.4":
  version: 0.1.5
  resolution: "osenv@npm:0.1.5"
  dependencies:
    os-homedir: "npm:^1.0.0"
    os-tmpdir: "npm:^1.0.0"
  checksum: 10c0/b33ed4b77e662f3ee2a04bf4b56cad2107ab069dee982feb9e39ad44feb9aa0cf1016b9ac6e05d0d84c91fa496798fe48dd05a33175d624e51668068b9805302
  languageName: node
  linkType: hard

"path-is-absolute@npm:^1.0.0":
  version: 1.0.1
  resolution: "path-is-absolute@npm:1.0.1"
  checksum: 10c0/127da03c82172a2a50099cddbf02510c1791fc2cc5f7713ddb613a56838db1e8168b121a920079d052e0936c23005562059756d653b7c544c53185efe53be078
  languageName: node
  linkType: hard

"process-nextick-args@npm:~2.0.0":
  version: 2.0.1
  resolution: "process-nextick-args@npm:2.0.1"
  checksum: 10c0/bec089239487833d46b59d80327a1605e1c5287eaad770a291add7f45fda1bb5e28b38e0e061add0a1d0ee0984788ce74fa394d345eed1c420cacf392c554367
  languageName: node
  linkType: hard

"queue-microtask@npm:^1.2.3":
  version: 1.2.3
  resolution: "queue-microtask@npm:1.2.3"
  checksum: 10c0/900a93d3cdae3acd7d16f642c29a642aea32c2026446151f0778c62ac089d4b8e6c986811076e1ae180a694cedf077d453a11b58ff0a865629a4f82ab558e102
  languageName: node
  linkType: hard

"randombytes@npm:^2.1.0":
  version: 2.1.0
  resolution: "randombytes@npm:2.1.0"
  dependencies:
    safe-buffer: "npm:^5.1.0"
  checksum: 10c0/50395efda7a8c94f5dffab564f9ff89736064d32addf0cc7e8bf5e4166f09f8ded7a0849ca6c2d2a59478f7d90f78f20d8048bca3cdf8be09d8e8a10790388f3
  languageName: node
  linkType: hard

"raspberry@workspace:.":
  version: 0.0.0-use.local
  resolution: "raspberry@workspace:."
  dependencies:
    node-webcam: "npm:^0.8.2"
    simple-peer: "npm:^9.11.1"
    socket.io-client: "npm:^4.7.5"
    wrtc: "npm:^0.4.7"
  languageName: unknown
  linkType: soft

"rc@npm:^1.2.7":
  version: 1.2.8
  resolution: "rc@npm:1.2.8"
  dependencies:
    deep-extend: "npm:^0.6.0"
    ini: "npm:~1.3.0"
    minimist: "npm:^1.2.0"
    strip-json-comments: "npm:~2.0.1"
  bin:
    rc: ./cli.js
  checksum: 10c0/24a07653150f0d9ac7168e52943cc3cb4b7a22c0e43c7dff3219977c2fdca5a2760a304a029c20811a0e79d351f57d46c9bde216193a0f73978496afc2b85b15
  languageName: node
  linkType: hard

"readable-stream@npm:^2.0.6":
  version: 2.3.8
  resolution: "readable-stream@npm:2.3.8"
  dependencies:
    core-util-is: "npm:~1.0.0"
    inherits: "npm:~2.0.3"
    isarray: "npm:~1.0.0"
    process-nextick-args: "npm:~2.0.0"
    safe-buffer: "npm:~5.1.1"
    string_decoder: "npm:~1.1.1"
    util-deprecate: "npm:~1.0.1"
  checksum: 10c0/7efdb01f3853bc35ac62ea25493567bf588773213f5f4a79f9c365e1ad13bab845ac0dae7bc946270dc40c3929483228415e92a3fc600cc7e4548992f41ee3fa
  languageName: node
  linkType: hard

"readable-stream@npm:^3.6.0":
  version: 3.6.2
  resolution: "readable-stream@npm:3.6.2"
  dependencies:
    inherits: "npm:^2.0.3"
    string_decoder: "npm:^1.1.1"
    util-deprecate: "npm:^1.0.1"
  checksum: 10c0/e37be5c79c376fdd088a45fa31ea2e423e5d48854be7a22a58869b4e84d25047b193f6acb54f1012331e1bcd667ffb569c01b99d36b0bd59658fb33f513511b7
  languageName: node
  linkType: hard

"rimraf@npm:^2.6.1":
  version: 2.7.1
  resolution: "rimraf@npm:2.7.1"
  dependencies:
    glob: "npm:^7.1.3"
  bin:
    rimraf: ./bin.js
  checksum: 10c0/4eef73d406c6940927479a3a9dee551e14a54faf54b31ef861250ac815172bade86cc6f7d64a4dc5e98b65e4b18a2e1c9ff3b68d296be0c748413f092bb0dd40
  languageName: node
  linkType: hard

"safe-buffer@npm:^5.1.0, safe-buffer@npm:^5.1.2, safe-buffer@npm:^5.2.1, safe-buffer@npm:~5.2.0":
  version: 5.2.1
  resolution: "safe-buffer@npm:5.2.1"
  checksum: 10c0/6501914237c0a86e9675d4e51d89ca3c21ffd6a31642efeba25ad65720bce6921c9e7e974e5be91a786b25aa058b5303285d3c15dbabf983a919f5f630d349f3
  languageName: node
  linkType: hard

"safe-buffer@npm:~5.1.0, safe-buffer@npm:~5.1.1":
  version: 5.1.2
  resolution: "safe-buffer@npm:5.1.2"
  checksum: 10c0/780ba6b5d99cc9a40f7b951d47152297d0e260f0df01472a1b99d4889679a4b94a13d644f7dbc4f022572f09ae9005fa2fbb93bbbd83643316f365a3e9a45b21
  languageName: node
  linkType: hard

"safer-buffer@npm:>= 2.1.2 < 3":
  version: 2.1.2
  resolution: "safer-buffer@npm:2.1.2"
  checksum: 10c0/7e3c8b2e88a1841c9671094bbaeebd94448111dd90a81a1f606f3f67708a6ec57763b3b47f06da09fc6054193e0e6709e77325415dc8422b04497a8070fa02d4
  languageName: node
  linkType: hard

"sax@npm:^1.2.4":
  version: 1.4.1
  resolution: "sax@npm:1.4.1"
  checksum: 10c0/6bf86318a254c5d898ede6bd3ded15daf68ae08a5495a2739564eb265cd13bcc64a07ab466fb204f67ce472bb534eb8612dac587435515169593f4fffa11de7c
  languageName: node
  linkType: hard

"semver@npm:^5.3.0":
  version: 5.7.2
  resolution: "semver@npm:5.7.2"
  bin:
    semver: bin/semver
  checksum: 10c0/e4cf10f86f168db772ae95d86ba65b3fd6c5967c94d97c708ccb463b778c2ee53b914cd7167620950fc07faf5a564e6efe903836639e512a1aa15fbc9667fa25
  languageName: node
  linkType: hard

"set-blocking@npm:~2.0.0":
  version: 2.0.0
  resolution: "set-blocking@npm:2.0.0"
  checksum: 10c0/9f8c1b2d800800d0b589de1477c753492de5c1548d4ade52f57f1d1f5e04af5481554d75ce5e5c43d4004b80a3eb714398d6907027dc0534177b7539119f4454
  languageName: node
  linkType: hard

"signal-exit@npm:^3.0.0":
  version: 3.0.7
  resolution: "signal-exit@npm:3.0.7"
  checksum: 10c0/25d272fa73e146048565e08f3309d5b942c1979a6f4a58a8c59d5fa299728e9c2fcd1a759ec870863b1fd38653670240cd420dad2ad9330c71f36608a6a1c912
  languageName: node
  linkType: hard

"simple-peer@npm:^9.11.1":
  version: 9.11.1
  resolution: "simple-peer@npm:9.11.1"
  dependencies:
    buffer: "npm:^6.0.3"
    debug: "npm:^4.3.2"
    err-code: "npm:^3.0.1"
    get-browser-rtc: "npm:^1.1.0"
    queue-microtask: "npm:^1.2.3"
    randombytes: "npm:^2.1.0"
    readable-stream: "npm:^3.6.0"
  checksum: 10c0/69089d2977ededc7e193754169dc92ad0b7d83aac2883d7cfe51b0c40bd589dec0ab8bfcecb9205c37bed5f589e5275fd64bffff43069d4b35c69bdca02283c8
  languageName: node
  linkType: hard

"socket.io-client@npm:^4.7.5":
  version: 4.7.5
  resolution: "socket.io-client@npm:4.7.5"
  dependencies:
    "@socket.io/component-emitter": "npm:~3.1.0"
    debug: "npm:~4.3.2"
    engine.io-client: "npm:~6.5.2"
    socket.io-parser: "npm:~4.2.4"
  checksum: 10c0/d5dc90ee63755fbbb0a1cb3faf575c9ce20d98e809a43a4c9c3ce03a56b8810335ae38e678ceb0650ac434d55e72ea6449c2e5d6db8bc7258f7c529148fac99d
  languageName: node
  linkType: hard

"socket.io-parser@npm:~4.2.4":
  version: 4.2.4
  resolution: "socket.io-parser@npm:4.2.4"
  dependencies:
    "@socket.io/component-emitter": "npm:~3.1.0"
    debug: "npm:~4.3.1"
  checksum: 10c0/9383b30358fde4a801ea4ec5e6860915c0389a091321f1c1f41506618b5cf7cd685d0a31c587467a0c4ee99ef98c2b99fb87911f9dfb329716c43b587f29ca48
  languageName: node
  linkType: hard

"string-width@npm:^1.0.1":
  version: 1.0.2
  resolution: "string-width@npm:1.0.2"
  dependencies:
    code-point-at: "npm:^1.0.0"
    is-fullwidth-code-point: "npm:^1.0.0"
    strip-ansi: "npm:^3.0.0"
  checksum: 10c0/c558438baed23a9ab9370bb6a939acbdb2b2ffc517838d651aad0f5b2b674fb85d460d9b1d0b6a4c210dffd09e3235222d89a5bd4c0c1587f78b2bb7bc00c65e
  languageName: node
  linkType: hard

"string-width@npm:^1.0.2 || 2 || 3 || 4":
  version: 4.2.3
  resolution: "string-width@npm:4.2.3"
  dependencies:
    emoji-regex: "npm:^8.0.0"
    is-fullwidth-code-point: "npm:^3.0.0"
    strip-ansi: "npm:^6.0.1"
  checksum: 10c0/1e525e92e5eae0afd7454086eed9c818ee84374bb80328fc41217ae72ff5f065ef1c9d7f72da41de40c75fa8bb3dee63d92373fd492c84260a552c636392a47b
  languageName: node
  linkType: hard

"string_decoder@npm:^1.1.1":
  version: 1.3.0
  resolution: "string_decoder@npm:1.3.0"
  dependencies:
    safe-buffer: "npm:~5.2.0"
  checksum: 10c0/810614ddb030e271cd591935dcd5956b2410dd079d64ff92a1844d6b7588bf992b3e1b69b0f4d34a3e06e0bd73046ac646b5264c1987b20d0601f81ef35d731d
  languageName: node
  linkType: hard

"string_decoder@npm:~1.1.1":
  version: 1.1.1
  resolution: "string_decoder@npm:1.1.1"
  dependencies:
    safe-buffer: "npm:~5.1.0"
  checksum: 10c0/b4f89f3a92fd101b5653ca3c99550e07bdf9e13b35037e9e2a1c7b47cec4e55e06ff3fc468e314a0b5e80bfbaf65c1ca5a84978764884ae9413bec1fc6ca924e
  languageName: node
  linkType: hard

"strip-ansi@npm:^3.0.0, strip-ansi@npm:^3.0.1":
  version: 3.0.1
  resolution: "strip-ansi@npm:3.0.1"
  dependencies:
    ansi-regex: "npm:^2.0.0"
  checksum: 10c0/f6e7fbe8e700105dccf7102eae20e4f03477537c74b286fd22cfc970f139002ed6f0d9c10d0e21aa9ed9245e0fa3c9275930e8795c5b947da136e4ecb644a70f
  languageName: node
  linkType: hard

"strip-ansi@npm:^6.0.1":
  version: 6.0.1
  resolution: "strip-ansi@npm:6.0.1"
  dependencies:
    ansi-regex: "npm:^5.0.1"
  checksum: 10c0/1ae5f212a126fe5b167707f716942490e3933085a5ff6c008ab97ab2f272c8025d3aa218b7bd6ab25729ca20cc81cddb252102f8751e13482a5199e873680952
  languageName: node
  linkType: hard

"strip-json-comments@npm:~2.0.1":
  version: 2.0.1
  resolution: "strip-json-comments@npm:2.0.1"
  checksum: 10c0/b509231cbdee45064ff4f9fd73609e2bcc4e84a4d508e9dd0f31f70356473fde18abfb5838c17d56fb236f5a06b102ef115438de0600b749e818a35fbbc48c43
  languageName: node
  linkType: hard

"tar@npm:^4":
  version: 4.4.19
  resolution: "tar@npm:4.4.19"
  dependencies:
    chownr: "npm:^1.1.4"
    fs-minipass: "npm:^1.2.7"
    minipass: "npm:^2.9.0"
    minizlib: "npm:^1.3.3"
    mkdirp: "npm:^0.5.5"
    safe-buffer: "npm:^5.2.1"
    yallist: "npm:^3.1.1"
  checksum: 10c0/1a32a68feabd55e040f399f75fed37c35fd76202bb60e393986312cdee0175ff0dfd1aec9cc04ad2ade8a252d2a08c7d191fda877ce23f14a3da954d91d301d7
  languageName: node
  linkType: hard

"util-deprecate@npm:^1.0.1, util-deprecate@npm:~1.0.1":
  version: 1.0.2
  resolution: "util-deprecate@npm:1.0.2"
  checksum: 10c0/41a5bdd214df2f6c3ecf8622745e4a366c4adced864bc3c833739791aeeeb1838119af7daed4ba36428114b5c67dcda034a79c882e97e43c03e66a4dd7389942
  languageName: node
  linkType: hard

"webidl-conversions@npm:^4.0.2":
  version: 4.0.2
  resolution: "webidl-conversions@npm:4.0.2"
  checksum: 10c0/def5c5ac3479286dffcb604547628b2e6b46c5c5b8a8cfaa8c71dc3bafc85859bde5fbe89467ff861f571ab38987cf6ab3d6e7c80b39b999e50e803c12f3164f
  languageName: node
  linkType: hard

"wide-align@npm:^1.1.0":
  version: 1.1.5
  resolution: "wide-align@npm:1.1.5"
  dependencies:
    string-width: "npm:^1.0.2 || 2 || 3 || 4"
  checksum: 10c0/1d9c2a3e36dfb09832f38e2e699c367ef190f96b82c71f809bc0822c306f5379df87bab47bed27ea99106d86447e50eb972d3c516c2f95782807a9d082fbea95
  languageName: node
  linkType: hard

"wrappy@npm:1":
  version: 1.0.2
  resolution: "wrappy@npm:1.0.2"
  checksum: 10c0/56fece1a4018c6a6c8e28fbc88c87e0fbf4ea8fd64fc6c63b18f4acc4bd13e0ad2515189786dd2c30d3eec9663d70f4ecf699330002f8ccb547e4a18231fc9f0
  languageName: node
  linkType: hard

"wrtc@npm:^0.4.7":
  version: 0.4.7
  resolution: "wrtc@npm:0.4.7"
  dependencies:
    domexception: "npm:^1.0.1"
    node-pre-gyp: "npm:^0.13.0"
  dependenciesMeta:
    domexception:
      optional: true
  checksum: 10c0/edb3da7fb587aaedc1dacc7f8ca4bd5c886e7817fabe67a04fc72d56c3fd34c992556f3849d422396b1a3b3263171770467fced5fa7ac8d90a1fe535ba93fe5e
  languageName: node
  linkType: hard

"ws@npm:~8.17.1":
  version: 8.17.1
  resolution: "ws@npm:8.17.1"
  peerDependencies:
    bufferutil: ^4.0.1
    utf-8-validate: ">=5.0.2"
  peerDependenciesMeta:
    bufferutil:
      optional: true
    utf-8-validate:
      optional: true
  checksum: 10c0/f4a49064afae4500be772abdc2211c8518f39e1c959640457dcee15d4488628620625c783902a52af2dd02f68558da2868fd06e6fd0e67ebcd09e6881b1b5bfe
  languageName: node
  linkType: hard

"xmlhttprequest-ssl@npm:~2.0.0":
  version: 2.0.0
  resolution: "xmlhttprequest-ssl@npm:2.0.0"
  checksum: 10c0/b64ab371459bd5e3a4827e3c7535759047d285fd310aea6fd028973d547133f3be0d473c1fdae9f14d89bf509267759198ae1fbe89802079a7e217ddd990d734
  languageName: node
  linkType: hard

"yallist@npm:^3.0.0, yallist@npm:^3.1.1":
  version: 3.1.1
  resolution: "yallist@npm:3.1.1"
  checksum: 10c0/c66a5c46bc89af1625476f7f0f2ec3653c1a1791d2f9407cfb4c2ba812a1e1c9941416d71ba9719876530e3340a99925f697142989371b72d93b9ee628afd8c1
  languageName: node
  linkType: hard
