# This file is generated by running "yarn install" inside your project.
# Manual changes might be lost - proceed with caution!

__metadata:
  version: 8
  cacheKey: 10c0

"@emnapi/runtime@npm:^1.1.1":
  version: 1.2.0
  resolution: "@emnapi/runtime@npm:1.2.0"
  dependencies:
    tslib: "npm:^2.4.0"
  checksum: 10c0/7005ff8b67724c9e61b6cd79a3decbdb2ce25d24abd4d3d187472f200ee6e573329c30264335125fb136bd813aa9cf9f4f7c9391d04b07dd1e63ce0a3427be57
  languageName: node
  linkType: hard

"@img/sharp-darwin-arm64@npm:0.33.4":
  version: 0.33.4
  resolution: "@img/sharp-darwin-arm64@npm:0.33.4"
  dependencies:
    "@img/sharp-libvips-darwin-arm64": "npm:1.0.2"
  dependenciesMeta:
    "@img/sharp-libvips-darwin-arm64":
      optional: true
  conditions: os=darwin & cpu=arm64
  languageName: node
  linkType: hard

"@img/sharp-darwin-x64@npm:0.33.4":
  version: 0.33.4
  resolution: "@img/sharp-darwin-x64@npm:0.33.4"
  dependencies:
    "@img/sharp-libvips-darwin-x64": "npm:1.0.2"
  dependenciesMeta:
    "@img/sharp-libvips-darwin-x64":
      optional: true
  conditions: os=darwin & cpu=x64
  languageName: node
  linkType: hard

"@img/sharp-libvips-darwin-arm64@npm:1.0.2":
  version: 1.0.2
  resolution: "@img/sharp-libvips-darwin-arm64@npm:1.0.2"
  conditions: os=darwin & cpu=arm64
  languageName: node
  linkType: hard

"@img/sharp-libvips-darwin-x64@npm:1.0.2":
  version: 1.0.2
  resolution: "@img/sharp-libvips-darwin-x64@npm:1.0.2"
  conditions: os=darwin & cpu=x64
  languageName: node
  linkType: hard

"@img/sharp-libvips-linux-arm64@npm:1.0.2":
  version: 1.0.2
  resolution: "@img/sharp-libvips-linux-arm64@npm:1.0.2"
  conditions: os=linux & cpu=arm64 & libc=glibc
  languageName: node
  linkType: hard

"@img/sharp-libvips-linux-arm@npm:1.0.2":
  version: 1.0.2
  resolution: "@img/sharp-libvips-linux-arm@npm:1.0.2"
  conditions: os=linux & cpu=arm & libc=glibc
  languageName: node
  linkType: hard

"@img/sharp-libvips-linux-s390x@npm:1.0.2":
  version: 1.0.2
  resolution: "@img/sharp-libvips-linux-s390x@npm:1.0.2"
  conditions: os=linux & cpu=s390x & libc=glibc
  languageName: node
  linkType: hard

"@img/sharp-libvips-linux-x64@npm:1.0.2":
  version: 1.0.2
  resolution: "@img/sharp-libvips-linux-x64@npm:1.0.2"
  conditions: os=linux & cpu=x64 & libc=glibc
  languageName: node
  linkType: hard

"@img/sharp-libvips-linuxmusl-arm64@npm:1.0.2":
  version: 1.0.2
  resolution: "@img/sharp-libvips-linuxmusl-arm64@npm:1.0.2"
  conditions: os=linux & cpu=arm64 & libc=musl
  languageName: node
  linkType: hard

"@img/sharp-libvips-linuxmusl-x64@npm:1.0.2":
  version: 1.0.2
  resolution: "@img/sharp-libvips-linuxmusl-x64@npm:1.0.2"
  conditions: os=linux & cpu=x64 & libc=musl
  languageName: node
  linkType: hard

"@img/sharp-linux-arm64@npm:0.33.4":
  version: 0.33.4
  resolution: "@img/sharp-linux-arm64@npm:0.33.4"
  dependencies:
    "@img/sharp-libvips-linux-arm64": "npm:1.0.2"
  dependenciesMeta:
    "@img/sharp-libvips-linux-arm64":
      optional: true
  conditions: os=linux & cpu=arm64 & libc=glibc
  languageName: node
  linkType: hard

"@img/sharp-linux-arm@npm:0.33.4":
  version: 0.33.4
  resolution: "@img/sharp-linux-arm@npm:0.33.4"
  dependencies:
    "@img/sharp-libvips-linux-arm": "npm:1.0.2"
  dependenciesMeta:
    "@img/sharp-libvips-linux-arm":
      optional: true
  conditions: os=linux & cpu=arm & libc=glibc
  languageName: node
  linkType: hard

"@img/sharp-linux-s390x@npm:0.33.4":
  version: 0.33.4
  resolution: "@img/sharp-linux-s390x@npm:0.33.4"
  dependencies:
    "@img/sharp-libvips-linux-s390x": "npm:1.0.2"
  dependenciesMeta:
    "@img/sharp-libvips-linux-s390x":
      optional: true
  conditions: os=linux & cpu=s390x & libc=glibc
  languageName: node
  linkType: hard

"@img/sharp-linux-x64@npm:0.33.4":
  version: 0.33.4
  resolution: "@img/sharp-linux-x64@npm:0.33.4"
  dependencies:
    "@img/sharp-libvips-linux-x64": "npm:1.0.2"
  dependenciesMeta:
    "@img/sharp-libvips-linux-x64":
      optional: true
  conditions: os=linux & cpu=x64 & libc=glibc
  languageName: node
  linkType: hard

"@img/sharp-linuxmusl-arm64@npm:0.33.4":
  version: 0.33.4
  resolution: "@img/sharp-linuxmusl-arm64@npm:0.33.4"
  dependencies:
    "@img/sharp-libvips-linuxmusl-arm64": "npm:1.0.2"
  dependenciesMeta:
    "@img/sharp-libvips-linuxmusl-arm64":
      optional: true
  conditions: os=linux & cpu=arm64 & libc=musl
  languageName: node
  linkType: hard

"@img/sharp-linuxmusl-x64@npm:0.33.4":
  version: 0.33.4
  resolution: "@img/sharp-linuxmusl-x64@npm:0.33.4"
  dependencies:
    "@img/sharp-libvips-linuxmusl-x64": "npm:1.0.2"
  dependenciesMeta:
    "@img/sharp-libvips-linuxmusl-x64":
      optional: true
  conditions: os=linux & cpu=x64 & libc=musl
  languageName: node
  linkType: hard

"@img/sharp-wasm32@npm:0.33.4":
  version: 0.33.4
  resolution: "@img/sharp-wasm32@npm:0.33.4"
  dependencies:
    "@emnapi/runtime": "npm:^1.1.1"
  conditions: cpu=wasm32
  languageName: node
  linkType: hard

"@img/sharp-win32-ia32@npm:0.33.4":
  version: 0.33.4
  resolution: "@img/sharp-win32-ia32@npm:0.33.4"
  conditions: os=win32 & cpu=ia32
  languageName: node
  linkType: hard

"@img/sharp-win32-x64@npm:0.33.4":
  version: 0.33.4
  resolution: "@img/sharp-win32-x64@npm:0.33.4"
  conditions: os=win32 & cpu=x64
  languageName: node
  linkType: hard

"@socket.io/component-emitter@npm:~3.1.0":
  version: 3.1.2
  resolution: "@socket.io/component-emitter@npm:3.1.2"
  checksum: 10c0/c4242bad66f67e6f7b712733d25b43cbb9e19a595c8701c3ad99cbeb5901555f78b095e24852f862fffb43e96f1d8552e62def885ca82ae1bb05da3668fd87d7
  languageName: node
  linkType: hard

"abbrev@npm:^2.0.0":
  version: 2.0.0
  resolution: "abbrev@npm:2.0.0"
  checksum: 10c0/f742a5a107473946f426c691c08daba61a1d15942616f300b5d32fd735be88fef5cba24201757b6c407fd564555fb48c751cfa33519b2605c8a7aadd22baf372
  languageName: node
  linkType: hard

"color-convert@npm:^2.0.1":
  version: 2.0.1
  resolution: "color-convert@npm:2.0.1"
  dependencies:
    color-name: "npm:~1.1.4"
  checksum: 10c0/37e1150172f2e311fe1b2df62c6293a342ee7380da7b9cfdba67ea539909afbd74da27033208d01d6d5cfc65ee7868a22e18d7e7648e004425441c0f8a15a7d7
  languageName: node
  linkType: hard

"color-name@npm:^1.0.0, color-name@npm:~1.1.4":
  version: 1.1.4
  resolution: "color-name@npm:1.1.4"
  checksum: 10c0/a1a3f914156960902f46f7f56bc62effc6c94e84b2cae157a526b1c1f74b677a47ec602bf68a61abfa2b42d15b7c5651c6dbe72a43af720bc588dff885b10f95
  languageName: node
  linkType: hard

"color-string@npm:^1.9.0":
  version: 1.9.1
  resolution: "color-string@npm:1.9.1"
  dependencies:
    color-name: "npm:^1.0.0"
    simple-swizzle: "npm:^0.2.2"
  checksum: 10c0/b0bfd74c03b1f837f543898b512f5ea353f71630ccdd0d66f83028d1f0924a7d4272deb278b9aef376cacf1289b522ac3fb175e99895283645a2dc3a33af2404
  languageName: node
  linkType: hard

"color@npm:^4.2.3":
  version: 4.2.3
  resolution: "color@npm:4.2.3"
  dependencies:
    color-convert: "npm:^2.0.1"
    color-string: "npm:^1.9.0"
  checksum: 10c0/7fbe7cfb811054c808349de19fb380252e5e34e61d7d168ec3353e9e9aacb1802674bddc657682e4e9730c2786592a4de6f8283e7e0d3870b829bb0b7b2f6118
  languageName: node
  linkType: hard

"debug@npm:~4.3.1, debug@npm:~4.3.2":
  version: 4.3.6
  resolution: "debug@npm:4.3.6"
  dependencies:
    ms: "npm:2.1.2"
  peerDependenciesMeta:
    supports-color:
      optional: true
  checksum: 10c0/3293416bff072389c101697d4611c402a6bacd1900ac20c0492f61a9cdd6b3b29750fc7f5e299f8058469ef60ff8fb79b86395a30374fbd2490113c1c7112285
  languageName: node
  linkType: hard

"detect-libc@npm:^2.0.3":
  version: 2.0.3
  resolution: "detect-libc@npm:2.0.3"
  checksum: 10c0/88095bda8f90220c95f162bf92cad70bd0e424913e655c20578600e35b91edc261af27531cf160a331e185c0ced93944bc7e09939143225f56312d7fd800fdb7
  languageName: node
  linkType: hard

"engine.io-client@npm:~6.5.2":
  version: 6.5.4
  resolution: "engine.io-client@npm:6.5.4"
  dependencies:
    "@socket.io/component-emitter": "npm:~3.1.0"
    debug: "npm:~4.3.1"
    engine.io-parser: "npm:~5.2.1"
    ws: "npm:~8.17.1"
    xmlhttprequest-ssl: "npm:~2.0.0"
  checksum: 10c0/ef220f9875d6a43bade906bd9b61118e812474bbe46e80f38c92dca238484170daf92d51e58bbade6433c29ffb5ba329f4864c5609f2e33c5e31041b1f8ad672
  languageName: node
  linkType: hard

"engine.io-parser@npm:~5.2.1":
  version: 5.2.3
  resolution: "engine.io-parser@npm:5.2.3"
  checksum: 10c0/ed4900d8dbef470ab3839ccf3bfa79ee518ea8277c7f1f2759e8c22a48f64e687ea5e474291394d0c94f84054749fd93f3ef0acb51fa2f5f234cc9d9d8e7c536
  languageName: node
  linkType: hard

"is-arrayish@npm:^0.3.1":
  version: 0.3.2
  resolution: "is-arrayish@npm:0.3.2"
  checksum: 10c0/f59b43dc1d129edb6f0e282595e56477f98c40278a2acdc8b0a5c57097c9eff8fe55470493df5775478cf32a4dc8eaf6d3a749f07ceee5bc263a78b2434f6a54
  languageName: node
  linkType: hard

"ms@npm:2.1.2":
  version: 2.1.2
  resolution: "ms@npm:2.1.2"
  checksum: 10c0/a437714e2f90dbf881b5191d35a6db792efbca5badf112f87b9e1c712aace4b4b9b742dd6537f3edf90fd6f684de897cec230abde57e87883766712ddda297cc
  languageName: node
  linkType: hard

"node-webcam@npm:^0.8.2":
  version: 0.8.2
  resolution: "node-webcam@npm:0.8.2"
  dependencies:
    nopt: "npm:*"
  bin:
    node-webcam: bin/node-webcam.js
  checksum: 10c0/8fe7634d9a1746d22f57ba70dee7af3cab02515c038ee6058aabdf82bba06ee37523d9f8ca743f06630e7537373109eb72a3d582be64c55936d64dea3d2eeb6d
  languageName: node
  linkType: hard

"nopt@npm:*":
  version: 7.2.1
  resolution: "nopt@npm:7.2.1"
  dependencies:
    abbrev: "npm:^2.0.0"
  bin:
    nopt: bin/nopt.js
  checksum: 10c0/a069c7c736767121242037a22a788863accfa932ab285a1eb569eb8cd534b09d17206f68c37f096ae785647435e0c5a5a0a67b42ec743e481a455e5ae6a6df81
  languageName: node
  linkType: hard

"raspberry@workspace:.":
  version: 0.0.0-use.local
  resolution: "raspberry@workspace:."
  dependencies:
    node-webcam: "npm:^0.8.2"
    sharp: "npm:^0.33.4"
    socket.io-client: "npm:^4.7.5"
  languageName: unknown
  linkType: soft

"semver@npm:^7.6.0":
  version: 7.6.3
  resolution: "semver@npm:7.6.3"
  bin:
    semver: bin/semver.js
  checksum: 10c0/88f33e148b210c153873cb08cfe1e281d518aaa9a666d4d148add6560db5cd3c582f3a08ccb91f38d5f379ead256da9931234ed122057f40bb5766e65e58adaf
  languageName: node
  linkType: hard

"sharp@npm:^0.33.4":
  version: 0.33.4
  resolution: "sharp@npm:0.33.4"
  dependencies:
    "@img/sharp-darwin-arm64": "npm:0.33.4"
    "@img/sharp-darwin-x64": "npm:0.33.4"
    "@img/sharp-libvips-darwin-arm64": "npm:1.0.2"
    "@img/sharp-libvips-darwin-x64": "npm:1.0.2"
    "@img/sharp-libvips-linux-arm": "npm:1.0.2"
    "@img/sharp-libvips-linux-arm64": "npm:1.0.2"
    "@img/sharp-libvips-linux-s390x": "npm:1.0.2"
    "@img/sharp-libvips-linux-x64": "npm:1.0.2"
    "@img/sharp-libvips-linuxmusl-arm64": "npm:1.0.2"
    "@img/sharp-libvips-linuxmusl-x64": "npm:1.0.2"
    "@img/sharp-linux-arm": "npm:0.33.4"
    "@img/sharp-linux-arm64": "npm:0.33.4"
    "@img/sharp-linux-s390x": "npm:0.33.4"
    "@img/sharp-linux-x64": "npm:0.33.4"
    "@img/sharp-linuxmusl-arm64": "npm:0.33.4"
    "@img/sharp-linuxmusl-x64": "npm:0.33.4"
    "@img/sharp-wasm32": "npm:0.33.4"
    "@img/sharp-win32-ia32": "npm:0.33.4"
    "@img/sharp-win32-x64": "npm:0.33.4"
    color: "npm:^4.2.3"
    detect-libc: "npm:^2.0.3"
    semver: "npm:^7.6.0"
  dependenciesMeta:
    "@img/sharp-darwin-arm64":
      optional: true
    "@img/sharp-darwin-x64":
      optional: true
    "@img/sharp-libvips-darwin-arm64":
      optional: true
    "@img/sharp-libvips-darwin-x64":
      optional: true
    "@img/sharp-libvips-linux-arm":
      optional: true
    "@img/sharp-libvips-linux-arm64":
      optional: true
    "@img/sharp-libvips-linux-s390x":
      optional: true
    "@img/sharp-libvips-linux-x64":
      optional: true
    "@img/sharp-libvips-linuxmusl-arm64":
      optional: true
    "@img/sharp-libvips-linuxmusl-x64":
      optional: true
    "@img/sharp-linux-arm":
      optional: true
    "@img/sharp-linux-arm64":
      optional: true
    "@img/sharp-linux-s390x":
      optional: true
    "@img/sharp-linux-x64":
      optional: true
    "@img/sharp-linuxmusl-arm64":
      optional: true
    "@img/sharp-linuxmusl-x64":
      optional: true
    "@img/sharp-wasm32":
      optional: true
    "@img/sharp-win32-ia32":
      optional: true
    "@img/sharp-win32-x64":
      optional: true
  checksum: 10c0/428c5c6a84ff8968effe50c2de931002f5f30b9f263e1c026d0384e581673c13088a49322f7748114d3d9be4ae9476a74bf003a3af34743e97ef2f880d1cfe45
  languageName: node
  linkType: hard

"simple-swizzle@npm:^0.2.2":
  version: 0.2.2
  resolution: "simple-swizzle@npm:0.2.2"
  dependencies:
    is-arrayish: "npm:^0.3.1"
  checksum: 10c0/df5e4662a8c750bdba69af4e8263c5d96fe4cd0f9fe4bdfa3cbdeb45d2e869dff640beaaeb1ef0e99db4d8d2ec92f85508c269f50c972174851bc1ae5bd64308
  languageName: node
  linkType: hard

"socket.io-client@npm:^4.7.5":
  version: 4.7.5
  resolution: "socket.io-client@npm:4.7.5"
  dependencies:
    "@socket.io/component-emitter": "npm:~3.1.0"
    debug: "npm:~4.3.2"
    engine.io-client: "npm:~6.5.2"
    socket.io-parser: "npm:~4.2.4"
  checksum: 10c0/d5dc90ee63755fbbb0a1cb3faf575c9ce20d98e809a43a4c9c3ce03a56b8810335ae38e678ceb0650ac434d55e72ea6449c2e5d6db8bc7258f7c529148fac99d
  languageName: node
  linkType: hard

"socket.io-parser@npm:~4.2.4":
  version: 4.2.4
  resolution: "socket.io-parser@npm:4.2.4"
  dependencies:
    "@socket.io/component-emitter": "npm:~3.1.0"
    debug: "npm:~4.3.1"
  checksum: 10c0/9383b30358fde4a801ea4ec5e6860915c0389a091321f1c1f41506618b5cf7cd685d0a31c587467a0c4ee99ef98c2b99fb87911f9dfb329716c43b587f29ca48
  languageName: node
  linkType: hard

"tslib@npm:^2.4.0":
  version: 2.6.3
  resolution: "tslib@npm:2.6.3"
  checksum: 10c0/2598aef53d9dbe711af75522464b2104724d6467b26a60f2bdac8297d2b5f1f6b86a71f61717384aa8fd897240467aaa7bcc36a0700a0faf751293d1331db39a
  languageName: node
  linkType: hard

"ws@npm:~8.17.1":
  version: 8.17.1
  resolution: "ws@npm:8.17.1"
  peerDependencies:
    bufferutil: ^4.0.1
    utf-8-validate: ">=5.0.2"
  peerDependenciesMeta:
    bufferutil:
      optional: true
    utf-8-validate:
      optional: true
  checksum: 10c0/f4a49064afae4500be772abdc2211c8518f39e1c959640457dcee15d4488628620625c783902a52af2dd02f68558da2868fd06e6fd0e67ebcd09e6881b1b5bfe
  languageName: node
  linkType: hard

"xmlhttprequest-ssl@npm:~2.0.0":
  version: 2.0.0
  resolution: "xmlhttprequest-ssl@npm:2.0.0"
  checksum: 10c0/b64ab371459bd5e3a4827e3c7535759047d285fd310aea6fd028973d547133f3be0d473c1fdae9f14d89bf509267759198ae1fbe89802079a7e217ddd990d734
  languageName: node
  linkType: hard
